// !$*UTF8*$!
{
	archiveVersion = 1;
	classes = {
	};
	objectVersion = 51;
	objects = {

/* Begin PBXBuildFile section */
		D8F3C6BBF2B91674BF4E021A /* Pods_CookingThyme.framework in Frameworks */ = {isa = PBXBuildFile; fileRef = 90B70D1A47A093B7B9549177 /* Pods_CookingThyme.framework */; };
		DB49B4A82565E47300808CC8 /* CookingThymeApp.swift in Sources */ = {isa = PBXBuildFile; fileRef = DB49B4A72565E47300808CC8 /* CookingThymeApp.swift */; };
		DB49B4AC2565E47400808CC8 /* Assets.xcassets in Resources */ = {isa = PBXBuildFile; fileRef = DB49B4AB2565E47400808CC8 /* Assets.xcassets */; };
		DB49B4AF2565E47400808CC8 /* Preview Assets.xcassets in Resources */ = {isa = PBXBuildFile; fileRef = DB49B4AE2565E47400808CC8 /* Preview Assets.xcassets */; };
		DB49B4C82565E49F00808CC8 /* UIControls.swift in Sources */ = {isa = PBXBuildFile; fileRef = DB49B4B72565E49E00808CC8 /* UIControls.swift */; };
		DB49B4C92565E49F00808CC8 /* Fraction.swift in Sources */ = {isa = PBXBuildFile; fileRef = DB49B4B82565E49E00808CC8 /* Fraction.swift */; };
		DB49B4CB2565E49F00808CC8 /* ScreenView.swift in Sources */ = {isa = PBXBuildFile; fileRef = DB49B4BA2565E49F00808CC8 /* ScreenView.swift */; };
		DB49B4CC2565E49F00808CC8 /* UnitOfMeasurement.swift in Sources */ = {isa = PBXBuildFile; fileRef = DB49B4BB2565E49F00808CC8 /* UnitOfMeasurement.swift */; };
		DB49B4CD2565E49F00808CC8 /* Ingredient.swift in Sources */ = {isa = PBXBuildFile; fileRef = DB49B4BC2565E49F00808CC8 /* Ingredient.swift */; };
		DB49B4CE2565E49F00808CC8 /* RecipeView.swift in Sources */ = {isa = PBXBuildFile; fileRef = DB49B4BD2565E49F00808CC8 /* RecipeView.swift */; };
		DB49B4D02565E49F00808CC8 /* EditRecipeView.swift in Sources */ = {isa = PBXBuildFile; fileRef = DB49B4BF2565E49F00808CC8 /* EditRecipeView.swift */; };
		DB49B4D22565E49F00808CC8 /* RecipeCollectionView.swift in Sources */ = {isa = PBXBuildFile; fileRef = DB49B4C12565E49F00808CC8 /* RecipeCollectionView.swift */; };
		DB49B4D32565E49F00808CC8 /* RecipeCollectionVM.swift in Sources */ = {isa = PBXBuildFile; fileRef = DB49B4C22565E49F00808CC8 /* RecipeCollectionVM.swift */; };
		DB49B4D42565E49F00808CC8 /* Recipe.swift in Sources */ = {isa = PBXBuildFile; fileRef = DB49B4C32565E49F00808CC8 /* Recipe.swift */; };
		DB49B4D52565E49F00808CC8 /* Rational.swift in Sources */ = {isa = PBXBuildFile; fileRef = DB49B4C42565E49F00808CC8 /* Rational.swift */; };
		DB49B4D62565E49F00808CC8 /* RecipeVM.swift in Sources */ = {isa = PBXBuildFile; fileRef = DB49B4C52565E49F00808CC8 /* RecipeVM.swift */; };
		DB49B4E325672AE000808CC8 /* RecipeDB.swift in Sources */ = {isa = PBXBuildFile; fileRef = DB49B4E225672AE000808CC8 /* RecipeDB.swift */; };
		DB49B4ED2568B15B00808CC8 /* Direction.swift in Sources */ = {isa = PBXBuildFile; fileRef = DB49B4EC2568B15B00808CC8 /* Direction.swift */; };
		DB49B4EF2568B8EB00808CC8 /* RecipeCategory.swift in Sources */ = {isa = PBXBuildFile; fileRef = DB49B4EE2568B8EB00808CC8 /* RecipeCategory.swift */; };
		DB49B4F12568B96100808CC8 /* RecipeCollection.swift in Sources */ = {isa = PBXBuildFile; fileRef = DB49B4F02568B96100808CC8 /* RecipeCollection.swift */; };
		DB49B4F3256CBC8F00808CC8 /* recipe.sqlite in Resources */ = {isa = PBXBuildFile; fileRef = DB49B4F2256CBC8F00808CC8 /* recipe.sqlite */; };
		DB49B4F5256DC74100808CC8 /* RecipeCategoryVM.swift in Sources */ = {isa = PBXBuildFile; fileRef = DB49B4F4256DC74100808CC8 /* RecipeCategoryVM.swift */; };
		DB49B4F7256DCE4C00808CC8 /* CreateRecipeView.swift in Sources */ = {isa = PBXBuildFile; fileRef = DB49B4F6256DCE4C00808CC8 /* CreateRecipeView.swift */; };
		DB49B4F9256DED3700808CC8 /* ReadRecipeView.swift in Sources */ = {isa = PBXBuildFile; fileRef = DB49B4F8256DED3700808CC8 /* ReadRecipeView.swift */; };
		DB49B4FB256E015000808CC8 /* EditableText.swift in Sources */ = {isa = PBXBuildFile; fileRef = DB49B4FA256E015000808CC8 /* EditableText.swift */; };
		DB49B4FF256F488200808CC8 /* Deletable.swift in Sources */ = {isa = PBXBuildFile; fileRef = DB49B4FE256F488200808CC8 /* Deletable.swift */; };
		DB49B5042576A70C00808CC8 /* EditableDirection.swift in Sources */ = {isa = PBXBuildFile; fileRef = DB49B5032576A70C00808CC8 /* EditableDirection.swift */; };
		DB49B5082576DC7700808CC8 /* EditableIngredient.swift in Sources */ = {isa = PBXBuildFile; fileRef = DB49B5072576DC7700808CC8 /* EditableIngredient.swift */; };
		DB49B51325794B7400808CC8 /* ErrorMessage.swift in Sources */ = {isa = PBXBuildFile; fileRef = DB49B51225794B7400808CC8 /* ErrorMessage.swift */; };
		DB49B5172579EA1500808CC8 /* ImagesView.swift in Sources */ = {isa = PBXBuildFile; fileRef = DB49B5162579EA1500808CC8 /* ImagesView.swift */; };
		DB49B5192579F1B300808CC8 /* ImageHandler.swift in Sources */ = {isa = PBXBuildFile; fileRef = DB49B5182579F1B300808CC8 /* ImageHandler.swift */; };
		DB49B51B2579F80300808CC8 /* ScrollableImagesView.swift in Sources */ = {isa = PBXBuildFile; fileRef = DB49B51A2579F80300808CC8 /* ScrollableImagesView.swift */; };
		DB49B51D257AA4C000808CC8 /* RecipeImage.swift in Sources */ = {isa = PBXBuildFile; fileRef = DB49B51C257AA4C000808CC8 /* RecipeImage.swift */; };
		DB49B51F257ABF5800808CC8 /* Border.swift in Sources */ = {isa = PBXBuildFile; fileRef = DB49B51E257ABF5800808CC8 /* Border.swift */; };
		DB49B522257AF94D00808CC8 /* ImagePicker.swift in Sources */ = {isa = PBXBuildFile; fileRef = DB49B521257AF94D00808CC8 /* ImagePicker.swift */; };
		DB49B526257EEABA00808CC8 /* HomeView.swift in Sources */ = {isa = PBXBuildFile; fileRef = DB49B525257EEABA00808CC8 /* HomeView.swift */; };
		DB49B52A257EEE5500808CC8 /* NavigationBarConfigurator.swift in Sources */ = {isa = PBXBuildFile; fileRef = DB49B529257EEE5500808CC8 /* NavigationBarConfigurator.swift */; };
		DB49B52C257EF64500808CC8 /* ShoppingListView.swift in Sources */ = {isa = PBXBuildFile; fileRef = DB49B52B257EF64500808CC8 /* ShoppingListView.swift */; };
		DB49B532257F379400808CC8 /* ShoppingItem.swift in Sources */ = {isa = PBXBuildFile; fileRef = DB49B531257F379400808CC8 /* ShoppingItem.swift */; };
		DB49B53D2580163500808CC8 /* TimerView.swift in Sources */ = {isa = PBXBuildFile; fileRef = DB49B53C2580163500808CC8 /* TimerView.swift */; };
		DB49B53F258018C200808CC8 /* TimerHandler.swift in Sources */ = {isa = PBXBuildFile; fileRef = DB49B53E258018C200808CC8 /* TimerHandler.swift */; };
		DB49B54125801B4600808CC8 /* IsActive.swift in Sources */ = {isa = PBXBuildFile; fileRef = DB49B54025801B4600808CC8 /* IsActive.swift */; };
		DB49B54525806B8300808CC8 /* SimpleTimer.swift in Sources */ = {isa = PBXBuildFile; fileRef = DB49B54425806B8300808CC8 /* SimpleTimer.swift */; };
		DB49B547258070C400808CC8 /* AnimatableCircleStroke.swift in Sources */ = {isa = PBXBuildFile; fileRef = DB49B546258070C400808CC8 /* AnimatableCircleStroke.swift */; };
		DB49B5492581A66200808CC8 /* RecipesWebHandler.swift in Sources */ = {isa = PBXBuildFile; fileRef = DB49B5482581A66200808CC8 /* RecipesWebHandler.swift */; };
		DB49B54E2581B74900808CC8 /* WebRecipe.swift in Sources */ = {isa = PBXBuildFile; fileRef = DB49B54D2581B74900808CC8 /* WebRecipe.swift */; };
		DB49B5592581BB0D00808CC8 /* RecipeSearch.swift in Sources */ = {isa = PBXBuildFile; fileRef = DB49B5582581BB0D00808CC8 /* RecipeSearch.swift */; };
		DB49B55B2581E56B00808CC8 /* WebIngredient.swift in Sources */ = {isa = PBXBuildFile; fileRef = DB49B55A2581E56B00808CC8 /* WebIngredient.swift */; };
		DB49B55D2581E63000808CC8 /* WebMeasurement.swift in Sources */ = {isa = PBXBuildFile; fileRef = DB49B55C2581E63000808CC8 /* WebMeasurement.swift */; };
		DB49B55F2581E67300808CC8 /* WebUnit.swift in Sources */ = {isa = PBXBuildFile; fileRef = DB49B55E2581E67300808CC8 /* WebUnit.swift */; };
		DB49B5612581E84000808CC8 /* WebSection.swift in Sources */ = {isa = PBXBuildFile; fileRef = DB49B5602581E84000808CC8 /* WebSection.swift */; };
		DB49B5632582746E00808CC8 /* PublicRecipeView.swift in Sources */ = {isa = PBXBuildFile; fileRef = DB49B5622582746E00808CC8 /* PublicRecipeView.swift */; };
		DB49B565258276C700808CC8 /* RecipeControls.swift in Sources */ = {isa = PBXBuildFile; fileRef = DB49B564258276C700808CC8 /* RecipeControls.swift */; };
		DB49B56725827ADA00808CC8 /* PublicRecipeVM.swift in Sources */ = {isa = PBXBuildFile; fileRef = DB49B56625827ADA00808CC8 /* PublicRecipeVM.swift */; };
		DB49B56B2582CEF400808CC8 /* SearchBar.swift in Sources */ = {isa = PBXBuildFile; fileRef = DB49B56A2582CEF400808CC8 /* SearchBar.swift */; };
		DB49B56F2582FC1200808CC8 /* ReadImagesView.swift in Sources */ = {isa = PBXBuildFile; fileRef = DB49B56E2582FC1200808CC8 /* ReadImagesView.swift */; };
		DBCDE775258A8F9B003DC95F /* RecipeTranscriber.swift in Sources */ = {isa = PBXBuildFile; fileRef = DBCDE774258A8F9B003DC95F /* RecipeTranscriber.swift */; };
		DBCDE777258AB261003DC95F /* ImportedRecipe.swift in Sources */ = {isa = PBXBuildFile; fileRef = DBCDE776258AB261003DC95F /* ImportedRecipe.swift */; };
		DBCDE781258D5F55003DC95F /* Test.swift in Sources */ = {isa = PBXBuildFile; fileRef = DBCDE780258D5F55003DC95F /* Test.swift */; };
		DBCDE783258D63C8003DC95F /* CircleImage.swift in Sources */ = {isa = PBXBuildFile; fileRef = DBCDE782258D63C8003DC95F /* CircleImage.swift */; };
		DBCDE785259166AA003DC95F /* Keys.swift in Sources */ = {isa = PBXBuildFile; fileRef = DBCDE784259166AA003DC95F /* Keys.swift */; };
		DBCDE78825945661003DC95F /* FormTitle.swift in Sources */ = {isa = PBXBuildFile; fileRef = DBCDE78725945661003DC95F /* FormTitle.swift */; };
		DBCDE78B25A3B057003DC95F /* Transcription.swift in Sources */ = {isa = PBXBuildFile; fileRef = DBCDE78A25A3B057003DC95F /* Transcription.swift */; };
		DBCDE78D25A3BA8A003DC95F /* Annotation.swift in Sources */ = {isa = PBXBuildFile; fileRef = DBCDE78C25A3BA8A003DC95F /* Annotation.swift */; };
/* End PBXBuildFile section */

/* Begin PBXFileReference section */
		1CAF1BE34A8D9295A5993979 /* Pods-CookingThyme.debug.xcconfig */ = {isa = PBXFileReference; includeInIndex = 1; lastKnownFileType = text.xcconfig; name = "Pods-CookingThyme.debug.xcconfig"; path = "Target Support Files/Pods-CookingThyme/Pods-CookingThyme.debug.xcconfig"; sourceTree = "<group>"; };
		5A898F6E6CEBFADFB87FACC4 /* Pods-CookingThyme.release.xcconfig */ = {isa = PBXFileReference; includeInIndex = 1; lastKnownFileType = text.xcconfig; name = "Pods-CookingThyme.release.xcconfig"; path = "Target Support Files/Pods-CookingThyme/Pods-CookingThyme.release.xcconfig"; sourceTree = "<group>"; };
		90B70D1A47A093B7B9549177 /* Pods_CookingThyme.framework */ = {isa = PBXFileReference; explicitFileType = wrapper.framework; includeInIndex = 0; path = Pods_CookingThyme.framework; sourceTree = BUILT_PRODUCTS_DIR; };
		DB49B4A42565E47300808CC8 /* CookingThyme.app */ = {isa = PBXFileReference; explicitFileType = wrapper.application; includeInIndex = 0; path = CookingThyme.app; sourceTree = BUILT_PRODUCTS_DIR; };
		DB49B4A72565E47300808CC8 /* CookingThymeApp.swift */ = {isa = PBXFileReference; lastKnownFileType = sourcecode.swift; path = CookingThymeApp.swift; sourceTree = "<group>"; };
		DB49B4AB2565E47400808CC8 /* Assets.xcassets */ = {isa = PBXFileReference; lastKnownFileType = folder.assetcatalog; path = Assets.xcassets; sourceTree = "<group>"; };
		DB49B4AE2565E47400808CC8 /* Preview Assets.xcassets */ = {isa = PBXFileReference; lastKnownFileType = folder.assetcatalog; path = "Preview Assets.xcassets"; sourceTree = "<group>"; };
		DB49B4B02565E47400808CC8 /* Info.plist */ = {isa = PBXFileReference; lastKnownFileType = text.plist.xml; path = Info.plist; sourceTree = "<group>"; };
		DB49B4B72565E49E00808CC8 /* UIControls.swift */ = {isa = PBXFileReference; fileEncoding = 4; lastKnownFileType = sourcecode.swift; path = UIControls.swift; sourceTree = "<group>"; };
		DB49B4B82565E49E00808CC8 /* Fraction.swift */ = {isa = PBXFileReference; fileEncoding = 4; lastKnownFileType = sourcecode.swift; path = Fraction.swift; sourceTree = "<group>"; };
		DB49B4BA2565E49F00808CC8 /* ScreenView.swift */ = {isa = PBXFileReference; fileEncoding = 4; lastKnownFileType = sourcecode.swift; path = ScreenView.swift; sourceTree = "<group>"; };
		DB49B4BB2565E49F00808CC8 /* UnitOfMeasurement.swift */ = {isa = PBXFileReference; fileEncoding = 4; lastKnownFileType = sourcecode.swift; path = UnitOfMeasurement.swift; sourceTree = "<group>"; };
		DB49B4BC2565E49F00808CC8 /* Ingredient.swift */ = {isa = PBXFileReference; fileEncoding = 4; lastKnownFileType = sourcecode.swift; path = Ingredient.swift; sourceTree = "<group>"; };
		DB49B4BD2565E49F00808CC8 /* RecipeView.swift */ = {isa = PBXFileReference; fileEncoding = 4; lastKnownFileType = sourcecode.swift; path = RecipeView.swift; sourceTree = "<group>"; };
		DB49B4BF2565E49F00808CC8 /* EditRecipeView.swift */ = {isa = PBXFileReference; fileEncoding = 4; lastKnownFileType = sourcecode.swift; path = EditRecipeView.swift; sourceTree = "<group>"; };
		DB49B4C12565E49F00808CC8 /* RecipeCollectionView.swift */ = {isa = PBXFileReference; fileEncoding = 4; lastKnownFileType = sourcecode.swift; path = RecipeCollectionView.swift; sourceTree = "<group>"; };
		DB49B4C22565E49F00808CC8 /* RecipeCollectionVM.swift */ = {isa = PBXFileReference; fileEncoding = 4; lastKnownFileType = sourcecode.swift; path = RecipeCollectionVM.swift; sourceTree = "<group>"; };
		DB49B4C32565E49F00808CC8 /* Recipe.swift */ = {isa = PBXFileReference; fileEncoding = 4; lastKnownFileType = sourcecode.swift; path = Recipe.swift; sourceTree = "<group>"; };
		DB49B4C42565E49F00808CC8 /* Rational.swift */ = {isa = PBXFileReference; fileEncoding = 4; lastKnownFileType = sourcecode.swift; path = Rational.swift; sourceTree = "<group>"; };
		DB49B4C52565E49F00808CC8 /* RecipeVM.swift */ = {isa = PBXFileReference; fileEncoding = 4; lastKnownFileType = sourcecode.swift; path = RecipeVM.swift; sourceTree = "<group>"; };
		DB49B4E225672AE000808CC8 /* RecipeDB.swift */ = {isa = PBXFileReference; lastKnownFileType = sourcecode.swift; path = RecipeDB.swift; sourceTree = "<group>"; };
		DB49B4EC2568B15B00808CC8 /* Direction.swift */ = {isa = PBXFileReference; lastKnownFileType = sourcecode.swift; path = Direction.swift; sourceTree = "<group>"; };
		DB49B4EE2568B8EB00808CC8 /* RecipeCategory.swift */ = {isa = PBXFileReference; lastKnownFileType = sourcecode.swift; path = RecipeCategory.swift; sourceTree = "<group>"; };
		DB49B4F02568B96100808CC8 /* RecipeCollection.swift */ = {isa = PBXFileReference; lastKnownFileType = sourcecode.swift; path = RecipeCollection.swift; sourceTree = "<group>"; };
		DB49B4F2256CBC8F00808CC8 /* recipe.sqlite */ = {isa = PBXFileReference; lastKnownFileType = file; path = recipe.sqlite; sourceTree = "<group>"; };
		DB49B4F4256DC74100808CC8 /* RecipeCategoryVM.swift */ = {isa = PBXFileReference; lastKnownFileType = sourcecode.swift; path = RecipeCategoryVM.swift; sourceTree = "<group>"; };
		DB49B4F6256DCE4C00808CC8 /* CreateRecipeView.swift */ = {isa = PBXFileReference; lastKnownFileType = sourcecode.swift; path = CreateRecipeView.swift; sourceTree = "<group>"; };
		DB49B4F8256DED3700808CC8 /* ReadRecipeView.swift */ = {isa = PBXFileReference; lastKnownFileType = sourcecode.swift; path = ReadRecipeView.swift; sourceTree = "<group>"; };
		DB49B4FA256E015000808CC8 /* EditableText.swift */ = {isa = PBXFileReference; lastKnownFileType = sourcecode.swift; path = EditableText.swift; sourceTree = "<group>"; };
		DB49B4FE256F488200808CC8 /* Deletable.swift */ = {isa = PBXFileReference; lastKnownFileType = sourcecode.swift; path = Deletable.swift; sourceTree = "<group>"; };
		DB49B5032576A70C00808CC8 /* EditableDirection.swift */ = {isa = PBXFileReference; lastKnownFileType = sourcecode.swift; path = EditableDirection.swift; sourceTree = "<group>"; };
		DB49B5072576DC7700808CC8 /* EditableIngredient.swift */ = {isa = PBXFileReference; lastKnownFileType = sourcecode.swift; path = EditableIngredient.swift; sourceTree = "<group>"; };
		DB49B51225794B7400808CC8 /* ErrorMessage.swift */ = {isa = PBXFileReference; lastKnownFileType = sourcecode.swift; path = ErrorMessage.swift; sourceTree = "<group>"; };
		DB49B5162579EA1500808CC8 /* ImagesView.swift */ = {isa = PBXFileReference; lastKnownFileType = sourcecode.swift; path = ImagesView.swift; sourceTree = "<group>"; };
		DB49B5182579F1B300808CC8 /* ImageHandler.swift */ = {isa = PBXFileReference; lastKnownFileType = sourcecode.swift; path = ImageHandler.swift; sourceTree = "<group>"; };
		DB49B51A2579F80300808CC8 /* ScrollableImagesView.swift */ = {isa = PBXFileReference; lastKnownFileType = sourcecode.swift; path = ScrollableImagesView.swift; sourceTree = "<group>"; };
		DB49B51C257AA4C000808CC8 /* RecipeImage.swift */ = {isa = PBXFileReference; lastKnownFileType = sourcecode.swift; path = RecipeImage.swift; sourceTree = "<group>"; };
		DB49B51E257ABF5800808CC8 /* Border.swift */ = {isa = PBXFileReference; lastKnownFileType = sourcecode.swift; path = Border.swift; sourceTree = "<group>"; };
		DB49B521257AF94D00808CC8 /* ImagePicker.swift */ = {isa = PBXFileReference; lastKnownFileType = sourcecode.swift; path = ImagePicker.swift; sourceTree = "<group>"; };
		DB49B525257EEABA00808CC8 /* HomeView.swift */ = {isa = PBXFileReference; lastKnownFileType = sourcecode.swift; path = HomeView.swift; sourceTree = "<group>"; };
		DB49B529257EEE5500808CC8 /* NavigationBarConfigurator.swift */ = {isa = PBXFileReference; lastKnownFileType = sourcecode.swift; path = NavigationBarConfigurator.swift; sourceTree = "<group>"; };
		DB49B52B257EF64500808CC8 /* ShoppingListView.swift */ = {isa = PBXFileReference; lastKnownFileType = sourcecode.swift; path = ShoppingListView.swift; sourceTree = "<group>"; };
		DB49B531257F379400808CC8 /* ShoppingItem.swift */ = {isa = PBXFileReference; lastKnownFileType = sourcecode.swift; path = ShoppingItem.swift; sourceTree = "<group>"; };
		DB49B53C2580163500808CC8 /* TimerView.swift */ = {isa = PBXFileReference; lastKnownFileType = sourcecode.swift; path = TimerView.swift; sourceTree = "<group>"; };
		DB49B53E258018C200808CC8 /* TimerHandler.swift */ = {isa = PBXFileReference; lastKnownFileType = sourcecode.swift; path = TimerHandler.swift; sourceTree = "<group>"; };
		DB49B54025801B4600808CC8 /* IsActive.swift */ = {isa = PBXFileReference; lastKnownFileType = sourcecode.swift; path = IsActive.swift; sourceTree = "<group>"; };
		DB49B54425806B8300808CC8 /* SimpleTimer.swift */ = {isa = PBXFileReference; lastKnownFileType = sourcecode.swift; path = SimpleTimer.swift; sourceTree = "<group>"; };
		DB49B546258070C400808CC8 /* AnimatableCircleStroke.swift */ = {isa = PBXFileReference; lastKnownFileType = sourcecode.swift; path = AnimatableCircleStroke.swift; sourceTree = "<group>"; };
		DB49B5482581A66200808CC8 /* RecipesWebHandler.swift */ = {isa = PBXFileReference; lastKnownFileType = sourcecode.swift; path = RecipesWebHandler.swift; sourceTree = "<group>"; };
		DB49B54D2581B74900808CC8 /* WebRecipe.swift */ = {isa = PBXFileReference; lastKnownFileType = sourcecode.swift; path = WebRecipe.swift; sourceTree = "<group>"; };
		DB49B5582581BB0D00808CC8 /* RecipeSearch.swift */ = {isa = PBXFileReference; lastKnownFileType = sourcecode.swift; path = RecipeSearch.swift; sourceTree = "<group>"; };
		DB49B55A2581E56B00808CC8 /* WebIngredient.swift */ = {isa = PBXFileReference; lastKnownFileType = sourcecode.swift; path = WebIngredient.swift; sourceTree = "<group>"; };
		DB49B55C2581E63000808CC8 /* WebMeasurement.swift */ = {isa = PBXFileReference; lastKnownFileType = sourcecode.swift; path = WebMeasurement.swift; sourceTree = "<group>"; };
		DB49B55E2581E67300808CC8 /* WebUnit.swift */ = {isa = PBXFileReference; lastKnownFileType = sourcecode.swift; path = WebUnit.swift; sourceTree = "<group>"; };
		DB49B5602581E84000808CC8 /* WebSection.swift */ = {isa = PBXFileReference; lastKnownFileType = sourcecode.swift; path = WebSection.swift; sourceTree = "<group>"; };
		DB49B5622582746E00808CC8 /* PublicRecipeView.swift */ = {isa = PBXFileReference; lastKnownFileType = sourcecode.swift; path = PublicRecipeView.swift; sourceTree = "<group>"; };
		DB49B564258276C700808CC8 /* RecipeControls.swift */ = {isa = PBXFileReference; lastKnownFileType = sourcecode.swift; path = RecipeControls.swift; sourceTree = "<group>"; };
		DB49B56625827ADA00808CC8 /* PublicRecipeVM.swift */ = {isa = PBXFileReference; lastKnownFileType = sourcecode.swift; path = PublicRecipeVM.swift; sourceTree = "<group>"; };
		DB49B56A2582CEF400808CC8 /* SearchBar.swift */ = {isa = PBXFileReference; lastKnownFileType = sourcecode.swift; path = SearchBar.swift; sourceTree = "<group>"; };
		DB49B56E2582FC1200808CC8 /* ReadImagesView.swift */ = {isa = PBXFileReference; lastKnownFileType = sourcecode.swift; path = ReadImagesView.swift; sourceTree = "<group>"; };
		DBCDE774258A8F9B003DC95F /* RecipeTranscriber.swift */ = {isa = PBXFileReference; lastKnownFileType = sourcecode.swift; path = RecipeTranscriber.swift; sourceTree = "<group>"; };
		DBCDE776258AB261003DC95F /* ImportedRecipe.swift */ = {isa = PBXFileReference; lastKnownFileType = sourcecode.swift; path = ImportedRecipe.swift; sourceTree = "<group>"; };
		DBCDE780258D5F55003DC95F /* Test.swift */ = {isa = PBXFileReference; lastKnownFileType = sourcecode.swift; path = Test.swift; sourceTree = "<group>"; };
		DBCDE782258D63C8003DC95F /* CircleImage.swift */ = {isa = PBXFileReference; lastKnownFileType = sourcecode.swift; path = CircleImage.swift; sourceTree = "<group>"; };
		DBCDE784259166AA003DC95F /* Keys.swift */ = {isa = PBXFileReference; lastKnownFileType = sourcecode.swift; path = Keys.swift; sourceTree = "<group>"; };
		DBCDE78725945661003DC95F /* FormTitle.swift */ = {isa = PBXFileReference; lastKnownFileType = sourcecode.swift; path = FormTitle.swift; sourceTree = "<group>"; };
		DBCDE78A25A3B057003DC95F /* Transcription.swift */ = {isa = PBXFileReference; lastKnownFileType = sourcecode.swift; path = Transcription.swift; sourceTree = "<group>"; };
		DBCDE78C25A3BA8A003DC95F /* Annotation.swift */ = {isa = PBXFileReference; lastKnownFileType = sourcecode.swift; path = Annotation.swift; sourceTree = "<group>"; };
/* End PBXFileReference section */

/* Begin PBXFrameworksBuildPhase section */
		DB49B4A12565E47300808CC8 /* Frameworks */ = {
			isa = PBXFrameworksBuildPhase;
			buildActionMask = 2147483647;
			files = (
				D8F3C6BBF2B91674BF4E021A /* Pods_CookingThyme.framework in Frameworks */,
			);
			runOnlyForDeploymentPostprocessing = 0;
		};
/* End PBXFrameworksBuildPhase section */

/* Begin PBXGroup section */
		1E8D2B9B9BD2B3D72C592AFE /* Frameworks */ = {
			isa = PBXGroup;
			children = (
				90B70D1A47A093B7B9549177 /* Pods_CookingThyme.framework */,
			);
			name = Frameworks;
			sourceTree = "<group>";
		};
		2D4CD0AE233FD57470071FFD /* Pods */ = {
			isa = PBXGroup;
			children = (
				1CAF1BE34A8D9295A5993979 /* Pods-CookingThyme.debug.xcconfig */,
				5A898F6E6CEBFADFB87FACC4 /* Pods-CookingThyme.release.xcconfig */,
			);
			path = Pods;
			sourceTree = "<group>";
		};
		DB49B49B2565E47300808CC8 = {
			isa = PBXGroup;
			children = (
				DB49B4A62565E47300808CC8 /* CookingThyme */,
				DB49B4A52565E47300808CC8 /* Products */,
				2D4CD0AE233FD57470071FFD /* Pods */,
				1E8D2B9B9BD2B3D72C592AFE /* Frameworks */,
			);
			sourceTree = "<group>";
		};
		DB49B4A52565E47300808CC8 /* Products */ = {
			isa = PBXGroup;
			children = (
				DB49B4A42565E47300808CC8 /* CookingThyme.app */,
			);
			name = Products;
			sourceTree = "<group>";
		};
		DB49B4A62565E47300808CC8 /* CookingThyme */ = {
			isa = PBXGroup;
			children = (
				DB49B4DA2565E4E100808CC8 /* Model */,
				DB49B4D92565E4DB00808CC8 /* ViewModel */,
				DB49B4D82565E4D300808CC8 /* View */,
				DB49B4AB2565E47400808CC8 /* Assets.xcassets */,
				DB49B4B02565E47400808CC8 /* Info.plist */,
				DB49B4AD2565E47400808CC8 /* Preview Content */,
			);
			path = CookingThyme;
			sourceTree = "<group>";
		};
		DB49B4AD2565E47400808CC8 /* Preview Content */ = {
			isa = PBXGroup;
			children = (
				DB49B4AE2565E47400808CC8 /* Preview Assets.xcassets */,
			);
			path = "Preview Content";
			sourceTree = "<group>";
		};
		DB49B4D82565E4D300808CC8 /* View */ = {
			isa = PBXGroup;
			children = (
				DB49B57025833F6B00808CC8 /* PublicRecipe */,
				DB49B5572581BAED00808CC8 /* Editable */,
				DB49B5562581BAC800808CC8 /* Images */,
				DB49B5532581BA4600808CC8 /* ShoppingList */,
				DB49B5522581BA4100808CC8 /* Timer */,
				DB49B5552581BA8300808CC8 /* Recipe */,
				DB49B5512581BA3200808CC8 /* RecipeCollection */,
				DB49B520257ABF6C00808CC8 /* ViewHelpers */,
				DB49B4A72565E47300808CC8 /* CookingThymeApp.swift */,
				DB49B525257EEABA00808CC8 /* HomeView.swift */,
				DBCDE780258D5F55003DC95F /* Test.swift */,
			);
			name = View;
			sourceTree = "<group>";
		};
		DB49B4D92565E4DB00808CC8 /* ViewModel */ = {
			isa = PBXGroup;
			children = (
				DB49B4C22565E49F00808CC8 /* RecipeCollectionVM.swift */,
				DB49B4C52565E49F00808CC8 /* RecipeVM.swift */,
				DB49B4F4256DC74100808CC8 /* RecipeCategoryVM.swift */,
				DB49B5182579F1B300808CC8 /* ImageHandler.swift */,
				DB49B53E258018C200808CC8 /* TimerHandler.swift */,
				DB49B5482581A66200808CC8 /* RecipesWebHandler.swift */,
				DB49B56625827ADA00808CC8 /* PublicRecipeVM.swift */,
				DBCDE774258A8F9B003DC95F /* RecipeTranscriber.swift */,
			);
			name = ViewModel;
			sourceTree = "<group>";
		};
		DB49B4DA2565E4E100808CC8 /* Model */ = {
			isa = PBXGroup;
			children = (
				DBCDE78925A3B041003DC95F /* Transcription */,
				DBCDE786259166BE003DC95F /* Credentials */,
				DB49B54C2581B73500808CC8 /* WebModel */,
				DB49B54B2581B71F00808CC8 /* DB */,
				DB49B54A2581B6EF00808CC8 /* Table */,
				DB49B4B82565E49E00808CC8 /* Fraction.swift */,
				DB49B4C42565E49F00808CC8 /* Rational.swift */,
				DB49B4BB2565E49F00808CC8 /* UnitOfMeasurement.swift */,
				DB49B54425806B8300808CC8 /* SimpleTimer.swift */,
			);
			name = Model;
			sourceTree = "<group>";
		};
		DB49B520257ABF6C00808CC8 /* ViewHelpers */ = {
			isa = PBXGroup;
			children = (
				DB49B51225794B7400808CC8 /* ErrorMessage.swift */,
				DB49B521257AF94D00808CC8 /* ImagePicker.swift */,
				DB49B4BA2565E49F00808CC8 /* ScreenView.swift */,
				DB49B4B72565E49E00808CC8 /* UIControls.swift */,
				DB49B4FE256F488200808CC8 /* Deletable.swift */,
				DB49B51E257ABF5800808CC8 /* Border.swift */,
				DB49B529257EEE5500808CC8 /* NavigationBarConfigurator.swift */,
				DB49B54025801B4600808CC8 /* IsActive.swift */,
				DB49B546258070C400808CC8 /* AnimatableCircleStroke.swift */,
				DB49B564258276C700808CC8 /* RecipeControls.swift */,
				DB49B56A2582CEF400808CC8 /* SearchBar.swift */,
				DBCDE78725945661003DC95F /* FormTitle.swift */,
			);
			name = ViewHelpers;
			sourceTree = "<group>";
		};
		DB49B54A2581B6EF00808CC8 /* Table */ = {
			isa = PBXGroup;
			children = (
				DB49B4EE2568B8EB00808CC8 /* RecipeCategory.swift */,
				DB49B4BC2565E49F00808CC8 /* Ingredient.swift */,
				DB49B4C32565E49F00808CC8 /* Recipe.swift */,
				DB49B4EC2568B15B00808CC8 /* Direction.swift */,
				DB49B51C257AA4C000808CC8 /* RecipeImage.swift */,
				DB49B4F02568B96100808CC8 /* RecipeCollection.swift */,
				DB49B531257F379400808CC8 /* ShoppingItem.swift */,
			);
			name = Table;
			sourceTree = "<group>";
		};
		DB49B54B2581B71F00808CC8 /* DB */ = {
			isa = PBXGroup;
			children = (
				DB49B4F2256CBC8F00808CC8 /* recipe.sqlite */,
				DB49B4E225672AE000808CC8 /* RecipeDB.swift */,
			);
			name = DB;
			sourceTree = "<group>";
		};
		DB49B54C2581B73500808CC8 /* WebModel */ = {
			isa = PBXGroup;
			children = (
				DB49B54D2581B74900808CC8 /* WebRecipe.swift */,
				DB49B55A2581E56B00808CC8 /* WebIngredient.swift */,
				DB49B55C2581E63000808CC8 /* WebMeasurement.swift */,
				DB49B55E2581E67300808CC8 /* WebUnit.swift */,
				DB49B5602581E84000808CC8 /* WebSection.swift */,
			);
			name = WebModel;
			sourceTree = "<group>";
		};
		DB49B5512581BA3200808CC8 /* RecipeCollection */ = {
			isa = PBXGroup;
			children = (
				DB49B4C12565E49F00808CC8 /* RecipeCollectionView.swift */,
			);
			name = RecipeCollection;
			sourceTree = "<group>";
		};
		DB49B5522581BA4100808CC8 /* Timer */ = {
			isa = PBXGroup;
			children = (
				DB49B53C2580163500808CC8 /* TimerView.swift */,
			);
			name = Timer;
			sourceTree = "<group>";
		};
		DB49B5532581BA4600808CC8 /* ShoppingList */ = {
			isa = PBXGroup;
			children = (
				DB49B52B257EF64500808CC8 /* ShoppingListView.swift */,
			);
			name = ShoppingList;
			sourceTree = "<group>";
		};
		DB49B5552581BA8300808CC8 /* Recipe */ = {
			isa = PBXGroup;
			children = (
				DB49B4BD2565E49F00808CC8 /* RecipeView.swift */,
				DB49B4BF2565E49F00808CC8 /* EditRecipeView.swift */,
				DB49B4F6256DCE4C00808CC8 /* CreateRecipeView.swift */,
				DB49B4F8256DED3700808CC8 /* ReadRecipeView.swift */,
				DBCDE776258AB261003DC95F /* ImportedRecipe.swift */,
			);
			name = Recipe;
			sourceTree = "<group>";
		};
		DB49B5562581BAC800808CC8 /* Images */ = {
			isa = PBXGroup;
			children = (
				DB49B5162579EA1500808CC8 /* ImagesView.swift */,
				DB49B51A2579F80300808CC8 /* ScrollableImagesView.swift */,
				DB49B56E2582FC1200808CC8 /* ReadImagesView.swift */,
				DBCDE782258D63C8003DC95F /* CircleImage.swift */,
			);
			name = Images;
			sourceTree = "<group>";
		};
		DB49B5572581BAED00808CC8 /* Editable */ = {
			isa = PBXGroup;
			children = (
				DB49B4FA256E015000808CC8 /* EditableText.swift */,
				DB49B5032576A70C00808CC8 /* EditableDirection.swift */,
				DB49B5072576DC7700808CC8 /* EditableIngredient.swift */,
			);
			name = Editable;
			sourceTree = "<group>";
		};
		DB49B57025833F6B00808CC8 /* PublicRecipe */ = {
			isa = PBXGroup;
			children = (
				DB49B5582581BB0D00808CC8 /* RecipeSearch.swift */,
				DB49B5622582746E00808CC8 /* PublicRecipeView.swift */,
			);
			name = PublicRecipe;
			sourceTree = "<group>";
		};
		DBCDE786259166BE003DC95F /* Credentials */ = {
			isa = PBXGroup;
			children = (
				DBCDE784259166AA003DC95F /* Keys.swift */,
			);
			name = Credentials;
			sourceTree = "<group>";
		};
		DBCDE78925A3B041003DC95F /* Transcription */ = {
			isa = PBXGroup;
			children = (
				DBCDE78A25A3B057003DC95F /* Transcription.swift */,
				DBCDE78C25A3BA8A003DC95F /* Annotation.swift */,
			);
			name = Transcription;
			sourceTree = "<group>";
		};
/* End PBXGroup section */

/* Begin PBXNativeTarget section */
		DB49B4A32565E47300808CC8 /* CookingThyme */ = {
			isa = PBXNativeTarget;
			buildConfigurationList = DB49B4B32565E47400808CC8 /* Build configuration list for PBXNativeTarget "CookingThyme" */;
			buildPhases = (
				4209BD05DFB9EB58BB2129A7 /* [CP] Check Pods Manifest.lock */,
				DB49B4A02565E47300808CC8 /* Sources */,
				DB49B4A12565E47300808CC8 /* Frameworks */,
				DB49B4A22565E47300808CC8 /* Resources */,
				F34AA9C6B55EF99A80D9BDDC /* [CP] Embed Pods Frameworks */,
			);
			buildRules = (
			);
			dependencies = (
			);
			name = CookingThyme;
			productName = CookingThyme;
			productReference = DB49B4A42565E47300808CC8 /* CookingThyme.app */;
			productType = "com.apple.product-type.application";
		};
/* End PBXNativeTarget section */

/* Begin PBXProject section */
		DB49B49C2565E47300808CC8 /* Project object */ = {
			isa = PBXProject;
			attributes = {
				LastSwiftUpdateCheck = 1200;
				LastUpgradeCheck = 1200;
				TargetAttributes = {
					DB49B4A32565E47300808CC8 = {
						CreatedOnToolsVersion = 12.0;
					};
				};
			};
			buildConfigurationList = DB49B49F2565E47300808CC8 /* Build configuration list for PBXProject "CookingThyme" */;
			compatibilityVersion = "Xcode 9.3";
			developmentRegion = en;
			hasScannedForEncodings = 0;
			knownRegions = (
				en,
				Base,
			);
			mainGroup = DB49B49B2565E47300808CC8;
			productRefGroup = DB49B4A52565E47300808CC8 /* Products */;
			projectDirPath = "";
			projectRoot = "";
			targets = (
				DB49B4A32565E47300808CC8 /* CookingThyme */,
			);
		};
/* End PBXProject section */

/* Begin PBXResourcesBuildPhase section */
		DB49B4A22565E47300808CC8 /* Resources */ = {
			isa = PBXResourcesBuildPhase;
			buildActionMask = 2147483647;
			files = (
				DB49B4AF2565E47400808CC8 /* Preview Assets.xcassets in Resources */,
				DB49B4AC2565E47400808CC8 /* Assets.xcassets in Resources */,
				DB49B4F3256CBC8F00808CC8 /* recipe.sqlite in Resources */,
			);
			runOnlyForDeploymentPostprocessing = 0;
		};
/* End PBXResourcesBuildPhase section */

/* Begin PBXShellScriptBuildPhase section */
		4209BD05DFB9EB58BB2129A7 /* [CP] Check Pods Manifest.lock */ = {
			isa = PBXShellScriptBuildPhase;
			buildActionMask = 2147483647;
			files = (
			);
			inputFileListPaths = (
			);
			inputPaths = (
				"${PODS_PODFILE_DIR_PATH}/Podfile.lock",
				"${PODS_ROOT}/Manifest.lock",
			);
			name = "[CP] Check Pods Manifest.lock";
			outputFileListPaths = (
			);
			outputPaths = (
				"$(DERIVED_FILE_DIR)/Pods-CookingThyme-checkManifestLockResult.txt",
			);
			runOnlyForDeploymentPostprocessing = 0;
			shellPath = /bin/sh;
			shellScript = "diff \"${PODS_PODFILE_DIR_PATH}/Podfile.lock\" \"${PODS_ROOT}/Manifest.lock\" > /dev/null\nif [ $? != 0 ] ; then\n    # print error to STDERR\n    echo \"error: The sandbox is not in sync with the Podfile.lock. Run 'pod install' or update your CocoaPods installation.\" >&2\n    exit 1\nfi\n# This output is used by Xcode 'outputs' to avoid re-running this script phase.\necho \"SUCCESS\" > \"${SCRIPT_OUTPUT_FILE_0}\"\n";
			showEnvVarsInLog = 0;
		};
		F34AA9C6B55EF99A80D9BDDC /* [CP] Embed Pods Frameworks */ = {
			isa = PBXShellScriptBuildPhase;
			buildActionMask = 2147483647;
			files = (
			);
			inputFileListPaths = (
				"${PODS_ROOT}/Target Support Files/Pods-CookingThyme/Pods-CookingThyme-frameworks-${CONFIGURATION}-input-files.xcfilelist",
			);
			name = "[CP] Embed Pods Frameworks";
			outputFileListPaths = (
				"${PODS_ROOT}/Target Support Files/Pods-CookingThyme/Pods-CookingThyme-frameworks-${CONFIGURATION}-output-files.xcfilelist",
			);
			runOnlyForDeploymentPostprocessing = 0;
			shellPath = /bin/sh;
			shellScript = "\"${PODS_ROOT}/Target Support Files/Pods-CookingThyme/Pods-CookingThyme-frameworks.sh\"\n";
			showEnvVarsInLog = 0;
		};
/* End PBXShellScriptBuildPhase section */

/* Begin PBXSourcesBuildPhase section */
		DB49B4A02565E47300808CC8 /* Sources */ = {
			isa = PBXSourcesBuildPhase;
			buildActionMask = 2147483647;
			files = (
				DB49B4D62565E49F00808CC8 /* RecipeVM.swift in Sources */,
				DB49B51F257ABF5800808CC8 /* Border.swift in Sources */,
				DB49B4EF2568B8EB00808CC8 /* RecipeCategory.swift in Sources */,
				DB49B4E325672AE000808CC8 /* RecipeDB.swift in Sources */,
				DB49B56F2582FC1200808CC8 /* ReadImagesView.swift in Sources */,
				DB49B4F5256DC74100808CC8 /* RecipeCategoryVM.swift in Sources */,
				DB49B526257EEABA00808CC8 /* HomeView.swift in Sources */,
				DB49B5592581BB0D00808CC8 /* RecipeSearch.swift in Sources */,
				DB49B4FB256E015000808CC8 /* EditableText.swift in Sources */,
				DB49B4C82565E49F00808CC8 /* UIControls.swift in Sources */,
				DB49B547258070C400808CC8 /* AnimatableCircleStroke.swift in Sources */,
				DB49B4CD2565E49F00808CC8 /* Ingredient.swift in Sources */,
				DB49B54525806B8300808CC8 /* SimpleTimer.swift in Sources */,
				DB49B56725827ADA00808CC8 /* PublicRecipeVM.swift in Sources */,
				DB49B53D2580163500808CC8 /* TimerView.swift in Sources */,
				DB49B55D2581E63000808CC8 /* WebMeasurement.swift in Sources */,
				DBCDE775258A8F9B003DC95F /* RecipeTranscriber.swift in Sources */,
				DB49B51D257AA4C000808CC8 /* RecipeImage.swift in Sources */,
				DB49B55B2581E56B00808CC8 /* WebIngredient.swift in Sources */,
				DB49B52A257EEE5500808CC8 /* NavigationBarConfigurator.swift in Sources */,
				DB49B4FF256F488200808CC8 /* Deletable.swift in Sources */,
				DB49B565258276C700808CC8 /* RecipeControls.swift in Sources */,
				DB49B51325794B7400808CC8 /* ErrorMessage.swift in Sources */,
				DBCDE781258D5F55003DC95F /* Test.swift in Sources */,
				DB49B4D22565E49F00808CC8 /* RecipeCollectionView.swift in Sources */,
				DB49B5192579F1B300808CC8 /* ImageHandler.swift in Sources */,
				DBCDE78B25A3B057003DC95F /* Transcription.swift in Sources */,
				DB49B54125801B4600808CC8 /* IsActive.swift in Sources */,
				DBCDE785259166AA003DC95F /* Keys.swift in Sources */,
				DB49B52C257EF64500808CC8 /* ShoppingListView.swift in Sources */,
				DB49B4D02565E49F00808CC8 /* EditRecipeView.swift in Sources */,
				DB49B5492581A66200808CC8 /* RecipesWebHandler.swift in Sources */,
				DB49B5042576A70C00808CC8 /* EditableDirection.swift in Sources */,
				DB49B4F7256DCE4C00808CC8 /* CreateRecipeView.swift in Sources */,
				DBCDE777258AB261003DC95F /* ImportedRecipe.swift in Sources */,
				DB49B5612581E84000808CC8 /* WebSection.swift in Sources */,
				DB49B522257AF94D00808CC8 /* ImagePicker.swift in Sources */,
				DB49B4CE2565E49F00808CC8 /* RecipeView.swift in Sources */,
				DB49B532257F379400808CC8 /* ShoppingItem.swift in Sources */,
				DB49B5082576DC7700808CC8 /* EditableIngredient.swift in Sources */,
				DB49B4D32565E49F00808CC8 /* RecipeCollectionVM.swift in Sources */,
				DB49B5632582746E00808CC8 /* PublicRecipeView.swift in Sources */,
				DB49B5172579EA1500808CC8 /* ImagesView.swift in Sources */,
				DB49B4A82565E47300808CC8 /* CookingThymeApp.swift in Sources */,
				DB49B56B2582CEF400808CC8 /* SearchBar.swift in Sources */,
				DB49B4F9256DED3700808CC8 /* ReadRecipeView.swift in Sources */,
				DB49B4ED2568B15B00808CC8 /* Direction.swift in Sources */,
				DB49B55F2581E67300808CC8 /* WebUnit.swift in Sources */,
				DBCDE783258D63C8003DC95F /* CircleImage.swift in Sources */,
				DB49B4CC2565E49F00808CC8 /* UnitOfMeasurement.swift in Sources */,
				DB49B4D52565E49F00808CC8 /* Rational.swift in Sources */,
				DB49B51B2579F80300808CC8 /* ScrollableImagesView.swift in Sources */,
				DB49B4C92565E49F00808CC8 /* Fraction.swift in Sources */,
				DB49B4CB2565E49F00808CC8 /* ScreenView.swift in Sources */,
				DBCDE78825945661003DC95F /* FormTitle.swift in Sources */,
				DB49B54E2581B74900808CC8 /* WebRecipe.swift in Sources */,
				DB49B4F12568B96100808CC8 /* RecipeCollection.swift in Sources */,
				DB49B53F258018C200808CC8 /* TimerHandler.swift in Sources */,
				DB49B4D42565E49F00808CC8 /* Recipe.swift in Sources */,
				DBCDE78D25A3BA8A003DC95F /* Annotation.swift in Sources */,
			);
			runOnlyForDeploymentPostprocessing = 0;
		};
/* End PBXSourcesBuildPhase section */

/* Begin XCBuildConfiguration section */
		DB49B4B12565E47400808CC8 /* Debug */ = {
			isa = XCBuildConfiguration;
			buildSettings = {
				ALWAYS_SEARCH_USER_PATHS = NO;
				CLANG_ANALYZER_NONNULL = YES;
				CLANG_ANALYZER_NUMBER_OBJECT_CONVERSION = YES_AGGRESSIVE;
				CLANG_CXX_LANGUAGE_STANDARD = "gnu++14";
				CLANG_CXX_LIBRARY = "libc++";
				CLANG_ENABLE_MODULES = YES;
				CLANG_ENABLE_OBJC_ARC = YES;
				CLANG_ENABLE_OBJC_WEAK = YES;
				CLANG_WARN_BLOCK_CAPTURE_AUTORELEASING = YES;
				CLANG_WARN_BOOL_CONVERSION = YES;
				CLANG_WARN_COMMA = YES;
				CLANG_WARN_CONSTANT_CONVERSION = YES;
				CLANG_WARN_DEPRECATED_OBJC_IMPLEMENTATIONS = YES;
				CLANG_WARN_DIRECT_OBJC_ISA_USAGE = YES_ERROR;
				CLANG_WARN_DOCUMENTATION_COMMENTS = YES;
				CLANG_WARN_EMPTY_BODY = YES;
				CLANG_WARN_ENUM_CONVERSION = YES;
				CLANG_WARN_INFINITE_RECURSION = YES;
				CLANG_WARN_INT_CONVERSION = YES;
				CLANG_WARN_NON_LITERAL_NULL_CONVERSION = YES;
				CLANG_WARN_OBJC_IMPLICIT_RETAIN_SELF = YES;
				CLANG_WARN_OBJC_LITERAL_CONVERSION = YES;
				CLANG_WARN_OBJC_ROOT_CLASS = YES_ERROR;
				CLANG_WARN_QUOTED_INCLUDE_IN_FRAMEWORK_HEADER = YES;
				CLANG_WARN_RANGE_LOOP_ANALYSIS = YES;
				CLANG_WARN_STRICT_PROTOTYPES = YES;
				CLANG_WARN_SUSPICIOUS_MOVE = YES;
				CLANG_WARN_UNGUARDED_AVAILABILITY = YES_AGGRESSIVE;
				CLANG_WARN_UNREACHABLE_CODE = YES;
				CLANG_WARN__DUPLICATE_METHOD_MATCH = YES;
				COPY_PHASE_STRIP = NO;
				DEBUG_INFORMATION_FORMAT = dwarf;
				ENABLE_STRICT_OBJC_MSGSEND = YES;
				ENABLE_TESTABILITY = YES;
				GCC_C_LANGUAGE_STANDARD = gnu11;
				GCC_DYNAMIC_NO_PIC = NO;
				GCC_NO_COMMON_BLOCKS = YES;
				GCC_OPTIMIZATION_LEVEL = 0;
				GCC_PREPROCESSOR_DEFINITIONS = (
					"DEBUG=1",
					"$(inherited)",
				);
				GCC_WARN_64_TO_32_BIT_CONVERSION = YES;
				GCC_WARN_ABOUT_RETURN_TYPE = YES_ERROR;
				GCC_WARN_UNDECLARED_SELECTOR = YES;
				GCC_WARN_UNINITIALIZED_AUTOS = YES_AGGRESSIVE;
				GCC_WARN_UNUSED_FUNCTION = YES;
				GCC_WARN_UNUSED_VARIABLE = YES;
				IPHONEOS_DEPLOYMENT_TARGET = 14.0;
				MTL_ENABLE_DEBUG_INFO = INCLUDE_SOURCE;
				MTL_FAST_MATH = YES;
				ONLY_ACTIVE_ARCH = YES;
				SDKROOT = iphoneos;
				SWIFT_ACTIVE_COMPILATION_CONDITIONS = DEBUG;
				SWIFT_OPTIMIZATION_LEVEL = "-Onone";
			};
			name = Debug;
		};
		DB49B4B22565E47400808CC8 /* Release */ = {
			isa = XCBuildConfiguration;
			buildSettings = {
				ALWAYS_SEARCH_USER_PATHS = NO;
				CLANG_ANALYZER_NONNULL = YES;
				CLANG_ANALYZER_NUMBER_OBJECT_CONVERSION = YES_AGGRESSIVE;
				CLANG_CXX_LANGUAGE_STANDARD = "gnu++14";
				CLANG_CXX_LIBRARY = "libc++";
				CLANG_ENABLE_MODULES = YES;
				CLANG_ENABLE_OBJC_ARC = YES;
				CLANG_ENABLE_OBJC_WEAK = YES;
				CLANG_WARN_BLOCK_CAPTURE_AUTORELEASING = YES;
				CLANG_WARN_BOOL_CONVERSION = YES;
				CLANG_WARN_COMMA = YES;
				CLANG_WARN_CONSTANT_CONVERSION = YES;
				CLANG_WARN_DEPRECATED_OBJC_IMPLEMENTATIONS = YES;
				CLANG_WARN_DIRECT_OBJC_ISA_USAGE = YES_ERROR;
				CLANG_WARN_DOCUMENTATION_COMMENTS = YES;
				CLANG_WARN_EMPTY_BODY = YES;
				CLANG_WARN_ENUM_CONVERSION = YES;
				CLANG_WARN_INFINITE_RECURSION = YES;
				CLANG_WARN_INT_CONVERSION = YES;
				CLANG_WARN_NON_LITERAL_NULL_CONVERSION = YES;
				CLANG_WARN_OBJC_IMPLICIT_RETAIN_SELF = YES;
				CLANG_WARN_OBJC_LITERAL_CONVERSION = YES;
				CLANG_WARN_OBJC_ROOT_CLASS = YES_ERROR;
				CLANG_WARN_QUOTED_INCLUDE_IN_FRAMEWORK_HEADER = YES;
				CLANG_WARN_RANGE_LOOP_ANALYSIS = YES;
				CLANG_WARN_STRICT_PROTOTYPES = YES;
				CLANG_WARN_SUSPICIOUS_MOVE = YES;
				CLANG_WARN_UNGUARDED_AVAILABILITY = YES_AGGRESSIVE;
				CLANG_WARN_UNREACHABLE_CODE = YES;
				CLANG_WARN__DUPLICATE_METHOD_MATCH = YES;
				COPY_PHASE_STRIP = NO;
				DEBUG_INFORMATION_FORMAT = "dwarf-with-dsym";
				ENABLE_NS_ASSERTIONS = NO;
				ENABLE_STRICT_OBJC_MSGSEND = YES;
				GCC_C_LANGUAGE_STANDARD = gnu11;
				GCC_NO_COMMON_BLOCKS = YES;
				GCC_WARN_64_TO_32_BIT_CONVERSION = YES;
				GCC_WARN_ABOUT_RETURN_TYPE = YES_ERROR;
				GCC_WARN_UNDECLARED_SELECTOR = YES;
				GCC_WARN_UNINITIALIZED_AUTOS = YES_AGGRESSIVE;
				GCC_WARN_UNUSED_FUNCTION = YES;
				GCC_WARN_UNUSED_VARIABLE = YES;
				IPHONEOS_DEPLOYMENT_TARGET = 14.0;
				MTL_ENABLE_DEBUG_INFO = NO;
				MTL_FAST_MATH = YES;
				SDKROOT = iphoneos;
				SWIFT_COMPILATION_MODE = wholemodule;
				SWIFT_OPTIMIZATION_LEVEL = "-O";
				VALIDATE_PRODUCT = YES;
			};
			name = Release;
		};
		DB49B4B42565E47400808CC8 /* Debug */ = {
			isa = XCBuildConfiguration;
			baseConfigurationReference = 1CAF1BE34A8D9295A5993979 /* Pods-CookingThyme.debug.xcconfig */;
			buildSettings = {
				ASSETCATALOG_COMPILER_APPICON_NAME = AppIcon;
				ASSETCATALOG_COMPILER_GLOBAL_ACCENT_COLOR_NAME = AccentColor;
				CODE_SIGN_STYLE = Automatic;
				DEVELOPMENT_ASSET_PATHS = "\"CookingThyme/Preview Content\"";
				DEVELOPMENT_TEAM = 95L2W6WJ38;
				ENABLE_PREVIEWS = YES;
				INFOPLIST_FILE = CookingThyme/Info.plist;
				IPHONEOS_DEPLOYMENT_TARGET = 14.0;
				LD_RUNPATH_SEARCH_PATHS = (
					"$(inherited)",
					"@executable_path/Frameworks",
				);
				PRODUCT_BUNDLE_IDENTIFIER = edu.byu.CookingThyme;
				PRODUCT_NAME = "$(TARGET_NAME)";
				SWIFT_VERSION = 5.0;
				TARGETED_DEVICE_FAMILY = "1,2";
			};
			name = Debug;
		};
		DB49B4B52565E47400808CC8 /* Release */ = {
			isa = XCBuildConfiguration;
			baseConfigurationReference = 5A898F6E6CEBFADFB87FACC4 /* Pods-CookingThyme.release.xcconfig */;
			buildSettings = {
				ASSETCATALOG_COMPILER_APPICON_NAME = AppIcon;
				ASSETCATALOG_COMPILER_GLOBAL_ACCENT_COLOR_NAME = AccentColor;
				CODE_SIGN_STYLE = Automatic;
				DEVELOPMENT_ASSET_PATHS = "\"CookingThyme/Preview Content\"";
				DEVELOPMENT_TEAM = 95L2W6WJ38;
				ENABLE_PREVIEWS = YES;
				INFOPLIST_FILE = CookingThyme/Info.plist;
				IPHONEOS_DEPLOYMENT_TARGET = 14.0;
				LD_RUNPATH_SEARCH_PATHS = (
					"$(inherited)",
					"@executable_path/Frameworks",
				);
				PRODUCT_BUNDLE_IDENTIFIER = edu.byu.CookingThyme;
				PRODUCT_NAME = "$(TARGET_NAME)";
				SWIFT_VERSION = 5.0;
				TARGETED_DEVICE_FAMILY = "1,2";
			};
			name = Release;
		};
/* End XCBuildConfiguration section */

/* Begin XCConfigurationList section */
		DB49B49F2565E47300808CC8 /* Build configuration list for PBXProject "CookingThyme" */ = {
			isa = XCConfigurationList;
			buildConfigurations = (
				DB49B4B12565E47400808CC8 /* Debug */,
				DB49B4B22565E47400808CC8 /* Release */,
			);
			defaultConfigurationIsVisible = 0;
			defaultConfigurationName = Release;
		};
		DB49B4B32565E47400808CC8 /* Build configuration list for PBXNativeTarget "CookingThyme" */ = {
			isa = XCConfigurationList;
			buildConfigurations = (
				DB49B4B42565E47400808CC8 /* Debug */,
				DB49B4B52565E47400808CC8 /* Release */,
			);
			defaultConfigurationIsVisible = 0;
			defaultConfigurationName = Release;
		};
/* End XCConfigurationList section */
	};
	rootObject = DB49B49C2565E47300808CC8 /* Project object */;
}
