// !$*UTF8*$!
{
	archiveVersion = 1;
	classes = {
	};
	objectVersion = 51;
	objects = {

/* Begin PBXBuildFile section */
		D8F3C6BBF2B91674BF4E021A /* Pods_CookingThyme.framework in Frameworks */ = {isa = PBXBuildFile; fileRef = 90B70D1A47A093B7B9549177 /* Pods_CookingThyme.framework */; };
		DB49B4A82565E47300808CC8 /* CookingThymeApp.swift in Sources */ = {isa = PBXBuildFile; fileRef = DB49B4A72565E47300808CC8 /* CookingThymeApp.swift */; };
		DB49B4AC2565E47400808CC8 /* Assets.xcassets in Resources */ = {isa = PBXBuildFile; fileRef = DB49B4AB2565E47400808CC8 /* Assets.xcassets */; };
		DB49B4AF2565E47400808CC8 /* Preview Assets.xcassets in Resources */ = {isa = PBXBuildFile; fileRef = DB49B4AE2565E47400808CC8 /* Preview Assets.xcassets */; };
		DB49B4C82565E49F00808CC8 /* UIControls.swift in Sources */ = {isa = PBXBuildFile; fileRef = DB49B4B72565E49E00808CC8 /* UIControls.swift */; };
		DB49B4C92565E49F00808CC8 /* Fraction.swift in Sources */ = {isa = PBXBuildFile; fileRef = DB49B4B82565E49E00808CC8 /* Fraction.swift */; };
		DB49B4CA2565E49F00808CC8 /* CategoryView.swift in Sources */ = {isa = PBXBuildFile; fileRef = DB49B4B92565E49E00808CC8 /* CategoryView.swift */; };
		DB49B4CB2565E49F00808CC8 /* ScreenView.swift in Sources */ = {isa = PBXBuildFile; fileRef = DB49B4BA2565E49F00808CC8 /* ScreenView.swift */; };
		DB49B4CC2565E49F00808CC8 /* UnitOfMeasurement.swift in Sources */ = {isa = PBXBuildFile; fileRef = DB49B4BB2565E49F00808CC8 /* UnitOfMeasurement.swift */; };
		DB49B4CD2565E49F00808CC8 /* Ingredient.swift in Sources */ = {isa = PBXBuildFile; fileRef = DB49B4BC2565E49F00808CC8 /* Ingredient.swift */; };
		DB49B4CE2565E49F00808CC8 /* RecipeView.swift in Sources */ = {isa = PBXBuildFile; fileRef = DB49B4BD2565E49F00808CC8 /* RecipeView.swift */; };
		DB49B4D02565E49F00808CC8 /* EditRecipeView.swift in Sources */ = {isa = PBXBuildFile; fileRef = DB49B4BF2565E49F00808CC8 /* EditRecipeView.swift */; };
		DB49B4D12565E49F00808CC8 /* GroceriesView.swift in Sources */ = {isa = PBXBuildFile; fileRef = DB49B4C02565E49F00808CC8 /* GroceriesView.swift */; };
		DB49B4D22565E49F00808CC8 /* RecipeCollectionView.swift in Sources */ = {isa = PBXBuildFile; fileRef = DB49B4C12565E49F00808CC8 /* RecipeCollectionView.swift */; };
		DB49B4D32565E49F00808CC8 /* RecipeCollectionVM.swift in Sources */ = {isa = PBXBuildFile; fileRef = DB49B4C22565E49F00808CC8 /* RecipeCollectionVM.swift */; };
		DB49B4D42565E49F00808CC8 /* Recipe.swift in Sources */ = {isa = PBXBuildFile; fileRef = DB49B4C32565E49F00808CC8 /* Recipe.swift */; };
		DB49B4D52565E49F00808CC8 /* Rational.swift in Sources */ = {isa = PBXBuildFile; fileRef = DB49B4C42565E49F00808CC8 /* Rational.swift */; };
		DB49B4D62565E49F00808CC8 /* RecipeVM.swift in Sources */ = {isa = PBXBuildFile; fileRef = DB49B4C52565E49F00808CC8 /* RecipeVM.swift */; };
		DB49B4D72565E49F00808CC8 /* TimerView.swift in Sources */ = {isa = PBXBuildFile; fileRef = DB49B4C62565E49F00808CC8 /* TimerView.swift */; };
		DB49B4E325672AE000808CC8 /* RecipeDB.swift in Sources */ = {isa = PBXBuildFile; fileRef = DB49B4E225672AE000808CC8 /* RecipeDB.swift */; };
		DB49B4E8256731C100808CC8 /* RecipeTable.swift in Sources */ = {isa = PBXBuildFile; fileRef = DB49B4E7256731C100808CC8 /* RecipeTable.swift */; };
/* End PBXBuildFile section */

/* Begin PBXFileReference section */
		1CAF1BE34A8D9295A5993979 /* Pods-CookingThyme.debug.xcconfig */ = {isa = PBXFileReference; includeInIndex = 1; lastKnownFileType = text.xcconfig; name = "Pods-CookingThyme.debug.xcconfig"; path = "Target Support Files/Pods-CookingThyme/Pods-CookingThyme.debug.xcconfig"; sourceTree = "<group>"; };
		5A898F6E6CEBFADFB87FACC4 /* Pods-CookingThyme.release.xcconfig */ = {isa = PBXFileReference; includeInIndex = 1; lastKnownFileType = text.xcconfig; name = "Pods-CookingThyme.release.xcconfig"; path = "Target Support Files/Pods-CookingThyme/Pods-CookingThyme.release.xcconfig"; sourceTree = "<group>"; };
		90B70D1A47A093B7B9549177 /* Pods_CookingThyme.framework */ = {isa = PBXFileReference; explicitFileType = wrapper.framework; includeInIndex = 0; path = Pods_CookingThyme.framework; sourceTree = BUILT_PRODUCTS_DIR; };
		DB49B4A42565E47300808CC8 /* CookingThyme.app */ = {isa = PBXFileReference; explicitFileType = wrapper.application; includeInIndex = 0; path = CookingThyme.app; sourceTree = BUILT_PRODUCTS_DIR; };
		DB49B4A72565E47300808CC8 /* CookingThymeApp.swift */ = {isa = PBXFileReference; lastKnownFileType = sourcecode.swift; path = CookingThymeApp.swift; sourceTree = "<group>"; };
		DB49B4AB2565E47400808CC8 /* Assets.xcassets */ = {isa = PBXFileReference; lastKnownFileType = folder.assetcatalog; path = Assets.xcassets; sourceTree = "<group>"; };
		DB49B4AE2565E47400808CC8 /* Preview Assets.xcassets */ = {isa = PBXFileReference; lastKnownFileType = folder.assetcatalog; path = "Preview Assets.xcassets"; sourceTree = "<group>"; };
		DB49B4B02565E47400808CC8 /* Info.plist */ = {isa = PBXFileReference; lastKnownFileType = text.plist.xml; path = Info.plist; sourceTree = "<group>"; };
		DB49B4B72565E49E00808CC8 /* UIControls.swift */ = {isa = PBXFileReference; fileEncoding = 4; lastKnownFileType = sourcecode.swift; path = UIControls.swift; sourceTree = "<group>"; };
		DB49B4B82565E49E00808CC8 /* Fraction.swift */ = {isa = PBXFileReference; fileEncoding = 4; lastKnownFileType = sourcecode.swift; path = Fraction.swift; sourceTree = "<group>"; };
		DB49B4B92565E49E00808CC8 /* CategoryView.swift */ = {isa = PBXFileReference; fileEncoding = 4; lastKnownFileType = sourcecode.swift; path = CategoryView.swift; sourceTree = "<group>"; };
		DB49B4BA2565E49F00808CC8 /* ScreenView.swift */ = {isa = PBXFileReference; fileEncoding = 4; lastKnownFileType = sourcecode.swift; path = ScreenView.swift; sourceTree = "<group>"; };
		DB49B4BB2565E49F00808CC8 /* UnitOfMeasurement.swift */ = {isa = PBXFileReference; fileEncoding = 4; lastKnownFileType = sourcecode.swift; path = UnitOfMeasurement.swift; sourceTree = "<group>"; };
		DB49B4BC2565E49F00808CC8 /* Ingredient.swift */ = {isa = PBXFileReference; fileEncoding = 4; lastKnownFileType = sourcecode.swift; path = Ingredient.swift; sourceTree = "<group>"; };
		DB49B4BD2565E49F00808CC8 /* RecipeView.swift */ = {isa = PBXFileReference; fileEncoding = 4; lastKnownFileType = sourcecode.swift; path = RecipeView.swift; sourceTree = "<group>"; };
		DB49B4BF2565E49F00808CC8 /* EditRecipeView.swift */ = {isa = PBXFileReference; fileEncoding = 4; lastKnownFileType = sourcecode.swift; path = EditRecipeView.swift; sourceTree = "<group>"; };
		DB49B4C02565E49F00808CC8 /* GroceriesView.swift */ = {isa = PBXFileReference; fileEncoding = 4; lastKnownFileType = sourcecode.swift; path = GroceriesView.swift; sourceTree = "<group>"; };
		DB49B4C12565E49F00808CC8 /* RecipeCollectionView.swift */ = {isa = PBXFileReference; fileEncoding = 4; lastKnownFileType = sourcecode.swift; path = RecipeCollectionView.swift; sourceTree = "<group>"; };
		DB49B4C22565E49F00808CC8 /* RecipeCollectionVM.swift */ = {isa = PBXFileReference; fileEncoding = 4; lastKnownFileType = sourcecode.swift; path = RecipeCollectionVM.swift; sourceTree = "<group>"; };
		DB49B4C32565E49F00808CC8 /* Recipe.swift */ = {isa = PBXFileReference; fileEncoding = 4; lastKnownFileType = sourcecode.swift; path = Recipe.swift; sourceTree = "<group>"; };
		DB49B4C42565E49F00808CC8 /* Rational.swift */ = {isa = PBXFileReference; fileEncoding = 4; lastKnownFileType = sourcecode.swift; path = Rational.swift; sourceTree = "<group>"; };
		DB49B4C52565E49F00808CC8 /* RecipeVM.swift */ = {isa = PBXFileReference; fileEncoding = 4; lastKnownFileType = sourcecode.swift; path = RecipeVM.swift; sourceTree = "<group>"; };
		DB49B4C62565E49F00808CC8 /* TimerView.swift */ = {isa = PBXFileReference; fileEncoding = 4; lastKnownFileType = sourcecode.swift; path = TimerView.swift; sourceTree = "<group>"; };
		DB49B4E225672AE000808CC8 /* RecipeDB.swift */ = {isa = PBXFileReference; lastKnownFileType = sourcecode.swift; path = RecipeDB.swift; sourceTree = "<group>"; };
		DB49B4E625672BDD00808CC8 /* recipe.db */ = {isa = PBXFileReference; lastKnownFileType = file; path = recipe.db; sourceTree = "<group>"; };
		DB49B4E7256731C100808CC8 /* RecipeTable.swift */ = {isa = PBXFileReference; lastKnownFileType = sourcecode.swift; path = RecipeTable.swift; sourceTree = "<group>"; };
/* End PBXFileReference section */

/* Begin PBXFrameworksBuildPhase section */
		DB49B4A12565E47300808CC8 /* Frameworks */ = {
			isa = PBXFrameworksBuildPhase;
			buildActionMask = 2147483647;
			files = (
				D8F3C6BBF2B91674BF4E021A /* Pods_CookingThyme.framework in Frameworks */,
			);
			runOnlyForDeploymentPostprocessing = 0;
		};
/* End PBXFrameworksBuildPhase section */

/* Begin PBXGroup section */
		1E8D2B9B9BD2B3D72C592AFE /* Frameworks */ = {
			isa = PBXGroup;
			children = (
				90B70D1A47A093B7B9549177 /* Pods_CookingThyme.framework */,
			);
			name = Frameworks;
			sourceTree = "<group>";
		};
		2D4CD0AE233FD57470071FFD /* Pods */ = {
			isa = PBXGroup;
			children = (
				1CAF1BE34A8D9295A5993979 /* Pods-CookingThyme.debug.xcconfig */,
				5A898F6E6CEBFADFB87FACC4 /* Pods-CookingThyme.release.xcconfig */,
			);
			path = Pods;
			sourceTree = "<group>";
		};
		DB49B49B2565E47300808CC8 = {
			isa = PBXGroup;
			children = (
				DB49B4A62565E47300808CC8 /* CookingThyme */,
				DB49B4A52565E47300808CC8 /* Products */,
				2D4CD0AE233FD57470071FFD /* Pods */,
				1E8D2B9B9BD2B3D72C592AFE /* Frameworks */,
			);
			sourceTree = "<group>";
		};
		DB49B4A52565E47300808CC8 /* Products */ = {
			isa = PBXGroup;
			children = (
				DB49B4A42565E47300808CC8 /* CookingThyme.app */,
			);
			name = Products;
			sourceTree = "<group>";
		};
		DB49B4A62565E47300808CC8 /* CookingThyme */ = {
			isa = PBXGroup;
			children = (
				DB49B4E625672BDD00808CC8 /* recipe.db */,
				DB49B4DA2565E4E100808CC8 /* Model */,
				DB49B4D92565E4DB00808CC8 /* ViewModel */,
				DB49B4D82565E4D300808CC8 /* View */,
				DB49B4AB2565E47400808CC8 /* Assets.xcassets */,
				DB49B4B02565E47400808CC8 /* Info.plist */,
				DB49B4AD2565E47400808CC8 /* Preview Content */,
			);
			path = CookingThyme;
			sourceTree = "<group>";
		};
		DB49B4AD2565E47400808CC8 /* Preview Content */ = {
			isa = PBXGroup;
			children = (
				DB49B4AE2565E47400808CC8 /* Preview Assets.xcassets */,
			);
			path = "Preview Content";
			sourceTree = "<group>";
		};
		DB49B4D82565E4D300808CC8 /* View */ = {
			isa = PBXGroup;
			children = (
				DB49B4BD2565E49F00808CC8 /* RecipeView.swift */,
				DB49B4B92565E49E00808CC8 /* CategoryView.swift */,
				DB49B4BF2565E49F00808CC8 /* EditRecipeView.swift */,
				DB49B4C02565E49F00808CC8 /* GroceriesView.swift */,
				DB49B4C12565E49F00808CC8 /* RecipeCollectionView.swift */,
				DB49B4BA2565E49F00808CC8 /* ScreenView.swift */,
				DB49B4C62565E49F00808CC8 /* TimerView.swift */,
				DB49B4B72565E49E00808CC8 /* UIControls.swift */,
				DB49B4A72565E47300808CC8 /* CookingThymeApp.swift */,
			);
			name = View;
			sourceTree = "<group>";
		};
		DB49B4D92565E4DB00808CC8 /* ViewModel */ = {
			isa = PBXGroup;
			children = (
				DB49B4C22565E49F00808CC8 /* RecipeCollectionVM.swift */,
				DB49B4C52565E49F00808CC8 /* RecipeVM.swift */,
			);
			name = ViewModel;
			sourceTree = "<group>";
		};
		DB49B4DA2565E4E100808CC8 /* Model */ = {
			isa = PBXGroup;
			children = (
				DB49B4B82565E49E00808CC8 /* Fraction.swift */,
				DB49B4BC2565E49F00808CC8 /* Ingredient.swift */,
				DB49B4C42565E49F00808CC8 /* Rational.swift */,
				DB49B4C32565E49F00808CC8 /* Recipe.swift */,
				DB49B4BB2565E49F00808CC8 /* UnitOfMeasurement.swift */,
				DB49B4E225672AE000808CC8 /* RecipeDB.swift */,
				DB49B4E7256731C100808CC8 /* RecipeTable.swift */,
			);
			name = Model;
			sourceTree = "<group>";
		};
/* End PBXGroup section */

/* Begin PBXNativeTarget section */
		DB49B4A32565E47300808CC8 /* CookingThyme */ = {
			isa = PBXNativeTarget;
			buildConfigurationList = DB49B4B32565E47400808CC8 /* Build configuration list for PBXNativeTarget "CookingThyme" */;
			buildPhases = (
				4209BD05DFB9EB58BB2129A7 /* [CP] Check Pods Manifest.lock */,
				DB49B4A02565E47300808CC8 /* Sources */,
				DB49B4A12565E47300808CC8 /* Frameworks */,
				DB49B4A22565E47300808CC8 /* Resources */,
				F34AA9C6B55EF99A80D9BDDC /* [CP] Embed Pods Frameworks */,
			);
			buildRules = (
			);
			dependencies = (
			);
			name = CookingThyme;
			productName = CookingThyme;
			productReference = DB49B4A42565E47300808CC8 /* CookingThyme.app */;
			productType = "com.apple.product-type.application";
		};
/* End PBXNativeTarget section */

/* Begin PBXProject section */
		DB49B49C2565E47300808CC8 /* Project object */ = {
			isa = PBXProject;
			attributes = {
				LastSwiftUpdateCheck = 1200;
				LastUpgradeCheck = 1200;
				TargetAttributes = {
					DB49B4A32565E47300808CC8 = {
						CreatedOnToolsVersion = 12.0;
					};
				};
			};
			buildConfigurationList = DB49B49F2565E47300808CC8 /* Build configuration list for PBXProject "CookingThyme" */;
			compatibilityVersion = "Xcode 9.3";
			developmentRegion = en;
			hasScannedForEncodings = 0;
			knownRegions = (
				en,
				Base,
			);
			mainGroup = DB49B49B2565E47300808CC8;
			productRefGroup = DB49B4A52565E47300808CC8 /* Products */;
			projectDirPath = "";
			projectRoot = "";
			targets = (
				DB49B4A32565E47300808CC8 /* CookingThyme */,
			);
		};
/* End PBXProject section */

/* Begin PBXResourcesBuildPhase section */
		DB49B4A22565E47300808CC8 /* Resources */ = {
			isa = PBXResourcesBuildPhase;
			buildActionMask = 2147483647;
			files = (
				DB49B4AF2565E47400808CC8 /* Preview Assets.xcassets in Resources */,
				DB49B4AC2565E47400808CC8 /* Assets.xcassets in Resources */,
			);
			runOnlyForDeploymentPostprocessing = 0;
		};
/* End PBXResourcesBuildPhase section */

/* Begin PBXShellScriptBuildPhase section */
		4209BD05DFB9EB58BB2129A7 /* [CP] Check Pods Manifest.lock */ = {
			isa = PBXShellScriptBuildPhase;
			buildActionMask = 2147483647;
			files = (
			);
			inputFileListPaths = (
			);
			inputPaths = (
				"${PODS_PODFILE_DIR_PATH}/Podfile.lock",
				"${PODS_ROOT}/Manifest.lock",
			);
			name = "[CP] Check Pods Manifest.lock";
			outputFileListPaths = (
			);
			outputPaths = (
				"$(DERIVED_FILE_DIR)/Pods-CookingThyme-checkManifestLockResult.txt",
			);
			runOnlyForDeploymentPostprocessing = 0;
			shellPath = /bin/sh;
			shellScript = "diff \"${PODS_PODFILE_DIR_PATH}/Podfile.lock\" \"${PODS_ROOT}/Manifest.lock\" > /dev/null\nif [ $? != 0 ] ; then\n    # print error to STDERR\n    echo \"error: The sandbox is not in sync with the Podfile.lock. Run 'pod install' or update your CocoaPods installation.\" >&2\n    exit 1\nfi\n# This output is used by Xcode 'outputs' to avoid re-running this script phase.\necho \"SUCCESS\" > \"${SCRIPT_OUTPUT_FILE_0}\"\n";
			showEnvVarsInLog = 0;
		};
		F34AA9C6B55EF99A80D9BDDC /* [CP] Embed Pods Frameworks */ = {
			isa = PBXShellScriptBuildPhase;
			buildActionMask = 2147483647;
			files = (
			);
			inputFileListPaths = (
				"${PODS_ROOT}/Target Support Files/Pods-CookingThyme/Pods-CookingThyme-frameworks-${CONFIGURATION}-input-files.xcfilelist",
			);
			name = "[CP] Embed Pods Frameworks";
			outputFileListPaths = (
				"${PODS_ROOT}/Target Support Files/Pods-CookingThyme/Pods-CookingThyme-frameworks-${CONFIGURATION}-output-files.xcfilelist",
			);
			runOnlyForDeploymentPostprocessing = 0;
			shellPath = /bin/sh;
			shellScript = "\"${PODS_ROOT}/Target Support Files/Pods-CookingThyme/Pods-CookingThyme-frameworks.sh\"\n";
			showEnvVarsInLog = 0;
		};
/* End PBXShellScriptBuildPhase section */

/* Begin PBXSourcesBuildPhase section */
		DB49B4A02565E47300808CC8 /* Sources */ = {
			isa = PBXSourcesBuildPhase;
			buildActionMask = 2147483647;
			files = (
				DB49B4D62565E49F00808CC8 /* RecipeVM.swift in Sources */,
				DB49B4E325672AE000808CC8 /* RecipeDB.swift in Sources */,
				DB49B4C82565E49F00808CC8 /* UIControls.swift in Sources */,
				DB49B4CD2565E49F00808CC8 /* Ingredient.swift in Sources */,
				DB49B4E8256731C100808CC8 /* RecipeTable.swift in Sources */,
				DB49B4D22565E49F00808CC8 /* RecipeCollectionView.swift in Sources */,
				DB49B4D02565E49F00808CC8 /* EditRecipeView.swift in Sources */,
				DB49B4CA2565E49F00808CC8 /* CategoryView.swift in Sources */,
				DB49B4D12565E49F00808CC8 /* GroceriesView.swift in Sources */,
				DB49B4CE2565E49F00808CC8 /* RecipeView.swift in Sources */,
				DB49B4D72565E49F00808CC8 /* TimerView.swift in Sources */,
				DB49B4D32565E49F00808CC8 /* RecipeCollectionVM.swift in Sources */,
				DB49B4A82565E47300808CC8 /* CookingThymeApp.swift in Sources */,
				DB49B4CC2565E49F00808CC8 /* UnitOfMeasurement.swift in Sources */,
				DB49B4D52565E49F00808CC8 /* Rational.swift in Sources */,
				DB49B4C92565E49F00808CC8 /* Fraction.swift in Sources */,
				DB49B4CB2565E49F00808CC8 /* ScreenView.swift in Sources */,
				DB49B4D42565E49F00808CC8 /* Recipe.swift in Sources */,
			);
			runOnlyForDeploymentPostprocessing = 0;
		};
/* End PBXSourcesBuildPhase section */

/* Begin XCBuildConfiguration section */
		DB49B4B12565E47400808CC8 /* Debug */ = {
			isa = XCBuildConfiguration;
			buildSettings = {
				ALWAYS_SEARCH_USER_PATHS = NO;
				CLANG_ANALYZER_NONNULL = YES;
				CLANG_ANALYZER_NUMBER_OBJECT_CONVERSION = YES_AGGRESSIVE;
				CLANG_CXX_LANGUAGE_STANDARD = "gnu++14";
				CLANG_CXX_LIBRARY = "libc++";
				CLANG_ENABLE_MODULES = YES;
				CLANG_ENABLE_OBJC_ARC = YES;
				CLANG_ENABLE_OBJC_WEAK = YES;
				CLANG_WARN_BLOCK_CAPTURE_AUTORELEASING = YES;
				CLANG_WARN_BOOL_CONVERSION = YES;
				CLANG_WARN_COMMA = YES;
				CLANG_WARN_CONSTANT_CONVERSION = YES;
				CLANG_WARN_DEPRECATED_OBJC_IMPLEMENTATIONS = YES;
				CLANG_WARN_DIRECT_OBJC_ISA_USAGE = YES_ERROR;
				CLANG_WARN_DOCUMENTATION_COMMENTS = YES;
				CLANG_WARN_EMPTY_BODY = YES;
				CLANG_WARN_ENUM_CONVERSION = YES;
				CLANG_WARN_INFINITE_RECURSION = YES;
				CLANG_WARN_INT_CONVERSION = YES;
				CLANG_WARN_NON_LITERAL_NULL_CONVERSION = YES;
				CLANG_WARN_OBJC_IMPLICIT_RETAIN_SELF = YES;
				CLANG_WARN_OBJC_LITERAL_CONVERSION = YES;
				CLANG_WARN_OBJC_ROOT_CLASS = YES_ERROR;
				CLANG_WARN_QUOTED_INCLUDE_IN_FRAMEWORK_HEADER = YES;
				CLANG_WARN_RANGE_LOOP_ANALYSIS = YES;
				CLANG_WARN_STRICT_PROTOTYPES = YES;
				CLANG_WARN_SUSPICIOUS_MOVE = YES;
				CLANG_WARN_UNGUARDED_AVAILABILITY = YES_AGGRESSIVE;
				CLANG_WARN_UNREACHABLE_CODE = YES;
				CLANG_WARN__DUPLICATE_METHOD_MATCH = YES;
				COPY_PHASE_STRIP = NO;
				DEBUG_INFORMATION_FORMAT = dwarf;
				ENABLE_STRICT_OBJC_MSGSEND = YES;
				ENABLE_TESTABILITY = YES;
				GCC_C_LANGUAGE_STANDARD = gnu11;
				GCC_DYNAMIC_NO_PIC = NO;
				GCC_NO_COMMON_BLOCKS = YES;
				GCC_OPTIMIZATION_LEVEL = 0;
				GCC_PREPROCESSOR_DEFINITIONS = (
					"DEBUG=1",
					"$(inherited)",
				);
				GCC_WARN_64_TO_32_BIT_CONVERSION = YES;
				GCC_WARN_ABOUT_RETURN_TYPE = YES_ERROR;
				GCC_WARN_UNDECLARED_SELECTOR = YES;
				GCC_WARN_UNINITIALIZED_AUTOS = YES_AGGRESSIVE;
				GCC_WARN_UNUSED_FUNCTION = YES;
				GCC_WARN_UNUSED_VARIABLE = YES;
				IPHONEOS_DEPLOYMENT_TARGET = 14.0;
				MTL_ENABLE_DEBUG_INFO = INCLUDE_SOURCE;
				MTL_FAST_MATH = YES;
				ONLY_ACTIVE_ARCH = YES;
				SDKROOT = iphoneos;
				SWIFT_ACTIVE_COMPILATION_CONDITIONS = DEBUG;
				SWIFT_OPTIMIZATION_LEVEL = "-Onone";
			};
			name = Debug;
		};
		DB49B4B22565E47400808CC8 /* Release */ = {
			isa = XCBuildConfiguration;
			buildSettings = {
				ALWAYS_SEARCH_USER_PATHS = NO;
				CLANG_ANALYZER_NONNULL = YES;
				CLANG_ANALYZER_NUMBER_OBJECT_CONVERSION = YES_AGGRESSIVE;
				CLANG_CXX_LANGUAGE_STANDARD = "gnu++14";
				CLANG_CXX_LIBRARY = "libc++";
				CLANG_ENABLE_MODULES = YES;
				CLANG_ENABLE_OBJC_ARC = YES;
				CLANG_ENABLE_OBJC_WEAK = YES;
				CLANG_WARN_BLOCK_CAPTURE_AUTORELEASING = YES;
				CLANG_WARN_BOOL_CONVERSION = YES;
				CLANG_WARN_COMMA = YES;
				CLANG_WARN_CONSTANT_CONVERSION = YES;
				CLANG_WARN_DEPRECATED_OBJC_IMPLEMENTATIONS = YES;
				CLANG_WARN_DIRECT_OBJC_ISA_USAGE = YES_ERROR;
				CLANG_WARN_DOCUMENTATION_COMMENTS = YES;
				CLANG_WARN_EMPTY_BODY = YES;
				CLANG_WARN_ENUM_CONVERSION = YES;
				CLANG_WARN_INFINITE_RECURSION = YES;
				CLANG_WARN_INT_CONVERSION = YES;
				CLANG_WARN_NON_LITERAL_NULL_CONVERSION = YES;
				CLANG_WARN_OBJC_IMPLICIT_RETAIN_SELF = YES;
				CLANG_WARN_OBJC_LITERAL_CONVERSION = YES;
				CLANG_WARN_OBJC_ROOT_CLASS = YES_ERROR;
				CLANG_WARN_QUOTED_INCLUDE_IN_FRAMEWORK_HEADER = YES;
				CLANG_WARN_RANGE_LOOP_ANALYSIS = YES;
				CLANG_WARN_STRICT_PROTOTYPES = YES;
				CLANG_WARN_SUSPICIOUS_MOVE = YES;
				CLANG_WARN_UNGUARDED_AVAILABILITY = YES_AGGRESSIVE;
				CLANG_WARN_UNREACHABLE_CODE = YES;
				CLANG_WARN__DUPLICATE_METHOD_MATCH = YES;
				COPY_PHASE_STRIP = NO;
				DEBUG_INFORMATION_FORMAT = "dwarf-with-dsym";
				ENABLE_NS_ASSERTIONS = NO;
				ENABLE_STRICT_OBJC_MSGSEND = YES;
				GCC_C_LANGUAGE_STANDARD = gnu11;
				GCC_NO_COMMON_BLOCKS = YES;
				GCC_WARN_64_TO_32_BIT_CONVERSION = YES;
				GCC_WARN_ABOUT_RETURN_TYPE = YES_ERROR;
				GCC_WARN_UNDECLARED_SELECTOR = YES;
				GCC_WARN_UNINITIALIZED_AUTOS = YES_AGGRESSIVE;
				GCC_WARN_UNUSED_FUNCTION = YES;
				GCC_WARN_UNUSED_VARIABLE = YES;
				IPHONEOS_DEPLOYMENT_TARGET = 14.0;
				MTL_ENABLE_DEBUG_INFO = NO;
				MTL_FAST_MATH = YES;
				SDKROOT = iphoneos;
				SWIFT_COMPILATION_MODE = wholemodule;
				SWIFT_OPTIMIZATION_LEVEL = "-O";
				VALIDATE_PRODUCT = YES;
			};
			name = Release;
		};
		DB49B4B42565E47400808CC8 /* Debug */ = {
			isa = XCBuildConfiguration;
			baseConfigurationReference = 1CAF1BE34A8D9295A5993979 /* Pods-CookingThyme.debug.xcconfig */;
			buildSettings = {
				ASSETCATALOG_COMPILER_APPICON_NAME = AppIcon;
				ASSETCATALOG_COMPILER_GLOBAL_ACCENT_COLOR_NAME = AccentColor;
				CODE_SIGN_STYLE = Automatic;
				DEVELOPMENT_ASSET_PATHS = "\"CookingThyme/Preview Content\"";
				DEVELOPMENT_TEAM = 95L2W6WJ38;
				ENABLE_PREVIEWS = YES;
				INFOPLIST_FILE = CookingThyme/Info.plist;
				IPHONEOS_DEPLOYMENT_TARGET = 14.0;
				LD_RUNPATH_SEARCH_PATHS = (
					"$(inherited)",
					"@executable_path/Frameworks",
				);
				PRODUCT_BUNDLE_IDENTIFIER = edu.byu.CookingThyme;
				PRODUCT_NAME = "$(TARGET_NAME)";
				SWIFT_VERSION = 5.0;
				TARGETED_DEVICE_FAMILY = "1,2";
			};
			name = Debug;
		};
		DB49B4B52565E47400808CC8 /* Release */ = {
			isa = XCBuildConfiguration;
			baseConfigurationReference = 5A898F6E6CEBFADFB87FACC4 /* Pods-CookingThyme.release.xcconfig */;
			buildSettings = {
				ASSETCATALOG_COMPILER_APPICON_NAME = AppIcon;
				ASSETCATALOG_COMPILER_GLOBAL_ACCENT_COLOR_NAME = AccentColor;
				CODE_SIGN_STYLE = Automatic;
				DEVELOPMENT_ASSET_PATHS = "\"CookingThyme/Preview Content\"";
				DEVELOPMENT_TEAM = 95L2W6WJ38;
				ENABLE_PREVIEWS = YES;
				INFOPLIST_FILE = CookingThyme/Info.plist;
				IPHONEOS_DEPLOYMENT_TARGET = 14.0;
				LD_RUNPATH_SEARCH_PATHS = (
					"$(inherited)",
					"@executable_path/Frameworks",
				);
				PRODUCT_BUNDLE_IDENTIFIER = edu.byu.CookingThyme;
				PRODUCT_NAME = "$(TARGET_NAME)";
				SWIFT_VERSION = 5.0;
				TARGETED_DEVICE_FAMILY = "1,2";
			};
			name = Release;
		};
/* End XCBuildConfiguration section */

/* Begin XCConfigurationList section */
		DB49B49F2565E47300808CC8 /* Build configuration list for PBXProject "CookingThyme" */ = {
			isa = XCConfigurationList;
			buildConfigurations = (
				DB49B4B12565E47400808CC8 /* Debug */,
				DB49B4B22565E47400808CC8 /* Release */,
			);
			defaultConfigurationIsVisible = 0;
			defaultConfigurationName = Release;
		};
		DB49B4B32565E47400808CC8 /* Build configuration list for PBXNativeTarget "CookingThyme" */ = {
			isa = XCConfigurationList;
			buildConfigurations = (
				DB49B4B42565E47400808CC8 /* Debug */,
				DB49B4B52565E47400808CC8 /* Release */,
			);
			defaultConfigurationIsVisible = 0;
			defaultConfigurationName = Release;
		};
/* End XCConfigurationList section */
	};
	rootObject = DB49B49C2565E47300808CC8 /* Project object */;
}
